
Microsoft Visual Studio Solution File, Format Version 12.00
# Visual Studio Version 17
VisualStudioVersion = 17.9.34714.143
MinimumVisualStudioVersion = 10.0.40219.1
Project("{FAE04EC0-301F-11D3-BF4B-00C04F79EFBC}") = "Fleet Management system", "Fleet Management system\Fleet Management system.csproj", "{E2869FC8-F74E-485B-BE0C-D4738D26684D}"
EndProject
Global
	GlobalSection(SolutionConfigurationPlatforms) = preSolution
		Debug|Any CPU = Debug|Any CPU
		Release|Any CPU = Release|Any CPU
	EndGlobalSection
	GlobalSection(ProjectConfigurationPlatforms) = postSolution
		{E2869FC8-F74E-485B-BE0C-D4738D26684D}.Debug|Any CPU.ActiveCfg = Debug|Any CPU
		{E2869FC8-F74E-485B-BE0C-D4738D26684D}.Debug|Any CPU.Build.0 = Debug|Any CPU
		{E2869FC8-F74E-485B-BE0C-D4738D26684D}.Release|Any CPU.ActiveCfg = Release|Any CPU
		{E2869FC8-F74E-485B-BE0C-D4738D26684D}.Release|Any CPU.Build.0 = Release|Any CPU
	EndGlobalSection
	GlobalSection(SolutionProperties) = preSolution
		HideSolutionNode = FALSE
	EndGlobalSection
	GlobalSection(ExtensibilityGlobals) = postSolution
		SolutionGuid = {67ED8F8E-6421-476B-BDBE-9B11D2B67A0F}
	EndGlobalSection
EndGlobal
